// !$*UTF8*$!
{
	archiveVersion = 1;
	classes = {
	};
	objectVersion = 50;
	objects = {

/* Begin PBXBuildFile section */
		0E3076E520D306D100EDB438 /* AppDelegate.swift in Sources */ = {isa = PBXBuildFile; fileRef = 0E3076E420D306D100EDB438 /* AppDelegate.swift */; };
		0E3076E920D306D100EDB438 /* GameViewController.swift in Sources */ = {isa = PBXBuildFile; fileRef = 0E3076E820D306D100EDB438 /* GameViewController.swift */; };
		0E3076EC20D306D100EDB438 /* Main.storyboard in Resources */ = {isa = PBXBuildFile; fileRef = 0E3076EA20D306D100EDB438 /* Main.storyboard */; };
		0E3076EE20D306D200EDB438 /* Assets.xcassets in Resources */ = {isa = PBXBuildFile; fileRef = 0E3076ED20D306D200EDB438 /* Assets.xcassets */; };
		0E3076F120D306D200EDB438 /* LaunchScreen.storyboard in Resources */ = {isa = PBXBuildFile; fileRef = 0E3076EF20D306D200EDB438 /* LaunchScreen.storyboard */; };
		0E3076FC20D306D200EDB438 /* TreeTests.swift in Sources */ = {isa = PBXBuildFile; fileRef = 0E3076FB20D306D200EDB438 /* TreeTests.swift */; };
		0E30770720D306D200EDB438 /* TreeUITests.swift in Sources */ = {isa = PBXBuildFile; fileRef = 0E30770620D306D200EDB438 /* TreeUITests.swift */; };
		0E30771520D3079D00EDB438 /* art.scnassets in Resources */ = {isa = PBXBuildFile; fileRef = 0E30771420D3079D00EDB438 /* art.scnassets */; };
/* End PBXBuildFile section */

/* Begin PBXContainerItemProxy section */
		0E3076F820D306D200EDB438 /* PBXContainerItemProxy */ = {
			isa = PBXContainerItemProxy;
			containerPortal = 0E3076D920D306D100EDB438 /* Project object */;
			proxyType = 1;
			remoteGlobalIDString = 0E3076E020D306D100EDB438;
			remoteInfo = Tree;
		};
		0E30770320D306D200EDB438 /* PBXContainerItemProxy */ = {
			isa = PBXContainerItemProxy;
			containerPortal = 0E3076D920D306D100EDB438 /* Project object */;
			proxyType = 1;
			remoteGlobalIDString = 0E3076E020D306D100EDB438;
			remoteInfo = Tree;
		};
/* End PBXContainerItemProxy section */

/* Begin PBXFileReference section */
		0E3076E120D306D100EDB438 /* Tree.app */ = {isa = PBXFileReference; explicitFileType = wrapper.application; includeInIndex = 0; path = Tree.app; sourceTree = BUILT_PRODUCTS_DIR; };
		0E3076E420D306D100EDB438 /* AppDelegate.swift */ = {isa = PBXFileReference; lastKnownFileType = sourcecode.swift; path = AppDelegate.swift; sourceTree = "<group>"; };
		0E3076E820D306D100EDB438 /* GameViewController.swift */ = {isa = PBXFileReference; lastKnownFileType = sourcecode.swift; path = GameViewController.swift; sourceTree = "<group>"; };
		0E3076EB20D306D100EDB438 /* Base */ = {isa = PBXFileReference; lastKnownFileType = file.storyboard; name = Base; path = Base.lproj/Main.storyboard; sourceTree = "<group>"; };
		0E3076ED20D306D200EDB438 /* Assets.xcassets */ = {isa = PBXFileReference; lastKnownFileType = folder.assetcatalog; path = Assets.xcassets; sourceTree = "<group>"; };
		0E3076F020D306D200EDB438 /* Base */ = {isa = PBXFileReference; lastKnownFileType = file.storyboard; name = Base; path = Base.lproj/LaunchScreen.storyboard; sourceTree = "<group>"; };
		0E3076F220D306D200EDB438 /* Info.plist */ = {isa = PBXFileReference; lastKnownFileType = text.plist.xml; path = Info.plist; sourceTree = "<group>"; };
		0E3076F720D306D200EDB438 /* TreeTests.xctest */ = {isa = PBXFileReference; explicitFileType = wrapper.cfbundle; includeInIndex = 0; path = TreeTests.xctest; sourceTree = BUILT_PRODUCTS_DIR; };
		0E3076FB20D306D200EDB438 /* TreeTests.swift */ = {isa = PBXFileReference; lastKnownFileType = sourcecode.swift; path = TreeTests.swift; sourceTree = "<group>"; };
		0E3076FD20D306D200EDB438 /* Info.plist */ = {isa = PBXFileReference; lastKnownFileType = text.plist.xml; path = Info.plist; sourceTree = "<group>"; };
		0E30770220D306D200EDB438 /* TreeUITests.xctest */ = {isa = PBXFileReference; explicitFileType = wrapper.cfbundle; includeInIndex = 0; path = TreeUITests.xctest; sourceTree = BUILT_PRODUCTS_DIR; };
		0E30770620D306D200EDB438 /* TreeUITests.swift */ = {isa = PBXFileReference; lastKnownFileType = sourcecode.swift; path = TreeUITests.swift; sourceTree = "<group>"; };
		0E30770820D306D200EDB438 /* Info.plist */ = {isa = PBXFileReference; lastKnownFileType = text.plist.xml; path = Info.plist; sourceTree = "<group>"; };
		0E30771420D3079D00EDB438 /* art.scnassets */ = {isa = PBXFileReference; lastKnownFileType = wrapper.scnassets; path = art.scnassets; sourceTree = "<group>"; };
/* End PBXFileReference section */

/* Begin PBXFrameworksBuildPhase section */
		0E3076DE20D306D100EDB438 /* Frameworks */ = {
			isa = PBXFrameworksBuildPhase;
			buildActionMask = 2147483647;
			files = (
			);
			runOnlyForDeploymentPostprocessing = 0;
		};
		0E3076F420D306D200EDB438 /* Frameworks */ = {
			isa = PBXFrameworksBuildPhase;
			buildActionMask = 2147483647;
			files = (
			);
			runOnlyForDeploymentPostprocessing = 0;
		};
		0E3076FF20D306D200EDB438 /* Frameworks */ = {
			isa = PBXFrameworksBuildPhase;
			buildActionMask = 2147483647;
			files = (
			);
			runOnlyForDeploymentPostprocessing = 0;
		};
/* End PBXFrameworksBuildPhase section */

/* Begin PBXGroup section */
		0E3076D820D306D100EDB438 = {
			isa = PBXGroup;
			children = (
				0E3076E320D306D100EDB438 /* Tree */,
				0E3076FA20D306D200EDB438 /* TreeTests */,
				0E30770520D306D200EDB438 /* TreeUITests */,
				0E3076E220D306D100EDB438 /* Products */,
			);
			sourceTree = "<group>";
		};
		0E3076E220D306D100EDB438 /* Products */ = {
			isa = PBXGroup;
			children = (
				0E3076E120D306D100EDB438 /* Tree.app */,
				0E3076F720D306D200EDB438 /* TreeTests.xctest */,
				0E30770220D306D200EDB438 /* TreeUITests.xctest */,
			);
			name = Products;
			sourceTree = "<group>";
		};
		0E3076E320D306D100EDB438 /* Tree */ = {
			isa = PBXGroup;
			children = (
				0E30771420D3079D00EDB438 /* art.scnassets */,
				0E3076E420D306D100EDB438 /* AppDelegate.swift */,
				0E3076E820D306D100EDB438 /* GameViewController.swift */,
				0E3076EA20D306D100EDB438 /* Main.storyboard */,
				0E3076ED20D306D200EDB438 /* Assets.xcassets */,
				0E3076EF20D306D200EDB438 /* LaunchScreen.storyboard */,
				0E3076F220D306D200EDB438 /* Info.plist */,
			);
			path = Tree;
			sourceTree = "<group>";
		};
		0E3076FA20D306D200EDB438 /* TreeTests */ = {
			isa = PBXGroup;
			children = (
				0E3076FB20D306D200EDB438 /* TreeTests.swift */,
				0E3076FD20D306D200EDB438 /* Info.plist */,
			);
			path = TreeTests;
			sourceTree = "<group>";
		};
		0E30770520D306D200EDB438 /* TreeUITests */ = {
			isa = PBXGroup;
			children = (
				0E30770620D306D200EDB438 /* TreeUITests.swift */,
				0E30770820D306D200EDB438 /* Info.plist */,
			);
			path = TreeUITests;
			sourceTree = "<group>";
		};
/* End PBXGroup section */

/* Begin PBXNativeTarget section */
		0E3076E020D306D100EDB438 /* Tree */ = {
			isa = PBXNativeTarget;
			buildConfigurationList = 0E30770B20D306D200EDB438 /* Build configuration list for PBXNativeTarget "Tree" */;
			buildPhases = (
				0E3076DD20D306D100EDB438 /* Sources */,
				0E3076DE20D306D100EDB438 /* Frameworks */,
				0E3076DF20D306D100EDB438 /* Resources */,
			);
			buildRules = (
			);
			dependencies = (
			);
			name = Tree;
			productName = Tree;
			productReference = 0E3076E120D306D100EDB438 /* Tree.app */;
			productType = "com.apple.product-type.application";
		};
		0E3076F620D306D200EDB438 /* TreeTests */ = {
			isa = PBXNativeTarget;
			buildConfigurationList = 0E30770E20D306D200EDB438 /* Build configuration list for PBXNativeTarget "TreeTests" */;
			buildPhases = (
				0E3076F320D306D200EDB438 /* Sources */,
				0E3076F420D306D200EDB438 /* Frameworks */,
				0E3076F520D306D200EDB438 /* Resources */,
			);
			buildRules = (
			);
			dependencies = (
				0E3076F920D306D200EDB438 /* PBXTargetDependency */,
			);
			name = TreeTests;
			productName = TreeTests;
			productReference = 0E3076F720D306D200EDB438 /* TreeTests.xctest */;
			productType = "com.apple.product-type.bundle.unit-test";
		};
		0E30770120D306D200EDB438 /* TreeUITests */ = {
			isa = PBXNativeTarget;
			buildConfigurationList = 0E30771120D306D200EDB438 /* Build configuration list for PBXNativeTarget "TreeUITests" */;
			buildPhases = (
				0E3076FE20D306D200EDB438 /* Sources */,
				0E3076FF20D306D200EDB438 /* Frameworks */,
				0E30770020D306D200EDB438 /* Resources */,
			);
			buildRules = (
			);
			dependencies = (
				0E30770420D306D200EDB438 /* PBXTargetDependency */,
			);
			name = TreeUITests;
			productName = TreeUITests;
			productReference = 0E30770220D306D200EDB438 /* TreeUITests.xctest */;
			productType = "com.apple.product-type.bundle.ui-testing";
		};
/* End PBXNativeTarget section */

/* Begin PBXProject section */
		0E3076D920D306D100EDB438 /* Project object */ = {
			isa = PBXProject;
			attributes = {
				LastSwiftUpdateCheck = 0940;
				LastUpgradeCheck = 0940;
				ORGANIZATIONNAME = "Koray Ece";
				TargetAttributes = {
					0E3076E020D306D100EDB438 = {
						CreatedOnToolsVersion = 9.4;
					};
					0E3076F620D306D200EDB438 = {
						CreatedOnToolsVersion = 9.4;
						TestTargetID = 0E3076E020D306D100EDB438;
					};
					0E30770120D306D200EDB438 = {
						CreatedOnToolsVersion = 9.4;
						TestTargetID = 0E3076E020D306D100EDB438;
					};
				};
			};
			buildConfigurationList = 0E3076DC20D306D100EDB438 /* Build configuration list for PBXProject "Tree" */;
			compatibilityVersion = "Xcode 9.3";
			developmentRegion = en;
			hasScannedForEncodings = 0;
			knownRegions = (
				en,
				Base,
			);
			mainGroup = 0E3076D820D306D100EDB438;
			productRefGroup = 0E3076E220D306D100EDB438 /* Products */;
			projectDirPath = "";
			projectRoot = "";
			targets = (
				0E3076E020D306D100EDB438 /* Tree */,
				0E3076F620D306D200EDB438 /* TreeTests */,
				0E30770120D306D200EDB438 /* TreeUITests */,
			);
		};
/* End PBXProject section */

/* Begin PBXResourcesBuildPhase section */
		0E3076DF20D306D100EDB438 /* Resources */ = {
			isa = PBXResourcesBuildPhase;
			buildActionMask = 2147483647;
			files = (
				0E3076F120D306D200EDB438 /* LaunchScreen.storyboard in Resources */,
				0E30771520D3079D00EDB438 /* art.scnassets in Resources */,
				0E3076EE20D306D200EDB438 /* Assets.xcassets in Resources */,
				0E3076EC20D306D100EDB438 /* Main.storyboard in Resources */,
			);
			runOnlyForDeploymentPostprocessing = 0;
		};
		0E3076F520D306D200EDB438 /* Resources */ = {
			isa = PBXResourcesBuildPhase;
			buildActionMask = 2147483647;
			files = (
			);
			runOnlyForDeploymentPostprocessing = 0;
		};
		0E30770020D306D200EDB438 /* Resources */ = {
			isa = PBXResourcesBuildPhase;
			buildActionMask = 2147483647;
			files = (
			);
			runOnlyForDeploymentPostprocessing = 0;
		};
/* End PBXResourcesBuildPhase section */

/* Begin PBXSourcesBuildPhase section */
		0E3076DD20D306D100EDB438 /* Sources */ = {
			isa = PBXSourcesBuildPhase;
			buildActionMask = 2147483647;
			files = (
				0E3076E920D306D100EDB438 /* GameViewController.swift in Sources */,
				0E3076E520D306D100EDB438 /* AppDelegate.swift in Sources */,
			);
			runOnlyForDeploymentPostprocessing = 0;
		};
		0E3076F320D306D200EDB438 /* Sources */ = {
			isa = PBXSourcesBuildPhase;
			buildActionMask = 2147483647;
			files = (
				0E3076FC20D306D200EDB438 /* TreeTests.swift in Sources */,
			);
			runOnlyForDeploymentPostprocessing = 0;
		};
		0E3076FE20D306D200EDB438 /* Sources */ = {
			isa = PBXSourcesBuildPhase;
			buildActionMask = 2147483647;
			files = (
				0E30770720D306D200EDB438 /* TreeUITests.swift in Sources */,
			);
			runOnlyForDeploymentPostprocessing = 0;
		};
/* End PBXSourcesBuildPhase section */

/* Begin PBXTargetDependency section */
		0E3076F920D306D200EDB438 /* PBXTargetDependency */ = {
			isa = PBXTargetDependency;
			target = 0E3076E020D306D100EDB438 /* Tree */;
			targetProxy = 0E3076F820D306D200EDB438 /* PBXContainerItemProxy */;
		};
		0E30770420D306D200EDB438 /* PBXTargetDependency */ = {
			isa = PBXTargetDependency;
			target = 0E3076E020D306D100EDB438 /* Tree */;
			targetProxy = 0E30770320D306D200EDB438 /* PBXContainerItemProxy */;
		};
/* End PBXTargetDependency section */

/* Begin PBXVariantGroup section */
		0E3076EA20D306D100EDB438 /* Main.storyboard */ = {
			isa = PBXVariantGroup;
			children = (
				0E3076EB20D306D100EDB438 /* Base */,
			);
			name = Main.storyboard;
			sourceTree = "<group>";
		};
		0E3076EF20D306D200EDB438 /* LaunchScreen.storyboard */ = {
			isa = PBXVariantGroup;
			children = (
				0E3076F020D306D200EDB438 /* Base */,
			);
			name = LaunchScreen.storyboard;
			sourceTree = "<group>";
		};
/* End PBXVariantGroup section */

/* Begin XCBuildConfiguration section */
		0E30770920D306D200EDB438 /* Debug */ = {
			isa = XCBuildConfiguration;
			buildSettings = {
				ALWAYS_SEARCH_USER_PATHS = NO;
				CLANG_ANALYZER_NONNULL = YES;
				CLANG_ANALYZER_NUMBER_OBJECT_CONVERSION = YES_AGGRESSIVE;
				CLANG_CXX_LANGUAGE_STANDARD = "gnu++14";
				CLANG_CXX_LIBRARY = "libc++";
				CLANG_ENABLE_MODULES = YES;
				CLANG_ENABLE_OBJC_ARC = YES;
				CLANG_ENABLE_OBJC_WEAK = YES;
				CLANG_WARN_BLOCK_CAPTURE_AUTORELEASING = YES;
				CLANG_WARN_BOOL_CONVERSION = YES;
				CLANG_WARN_COMMA = YES;
				CLANG_WARN_CONSTANT_CONVERSION = YES;
				CLANG_WARN_DEPRECATED_OBJC_IMPLEMENTATIONS = YES;
				CLANG_WARN_DIRECT_OBJC_ISA_USAGE = YES_ERROR;
				CLANG_WARN_DOCUMENTATION_COMMENTS = YES;
				CLANG_WARN_EMPTY_BODY = YES;
				CLANG_WARN_ENUM_CONVERSION = YES;
				CLANG_WARN_INFINITE_RECURSION = YES;
				CLANG_WARN_INT_CONVERSION = YES;
				CLANG_WARN_NON_LITERAL_NULL_CONVERSION = YES;
				CLANG_WARN_OBJC_IMPLICIT_RETAIN_SELF = YES;
				CLANG_WARN_OBJC_LITERAL_CONVERSION = YES;
				CLANG_WARN_OBJC_ROOT_CLASS = YES_ERROR;
				CLANG_WARN_RANGE_LOOP_ANALYSIS = YES;
				CLANG_WARN_STRICT_PROTOTYPES = YES;
				CLANG_WARN_SUSPICIOUS_MOVE = YES;
				CLANG_WARN_UNGUARDED_AVAILABILITY = YES_AGGRESSIVE;
				CLANG_WARN_UNREACHABLE_CODE = YES;
				CLANG_WARN__DUPLICATE_METHOD_MATCH = YES;
				CODE_SIGN_IDENTITY = "iPhone Developer";
				COPY_PHASE_STRIP = NO;
				DEBUG_INFORMATION_FORMAT = dwarf;
				ENABLE_STRICT_OBJC_MSGSEND = YES;
				ENABLE_TESTABILITY = YES;
				GCC_C_LANGUAGE_STANDARD = gnu11;
				GCC_DYNAMIC_NO_PIC = NO;
				GCC_NO_COMMON_BLOCKS = YES;
				GCC_OPTIMIZATION_LEVEL = 0;
				GCC_PREPROCESSOR_DEFINITIONS = (
					"DEBUG=1",
					"$(inherited)",
				);
				GCC_WARN_64_TO_32_BIT_CONVERSION = YES;
				GCC_WARN_ABOUT_RETURN_TYPE = YES_ERROR;
				GCC_WARN_UNDECLARED_SELECTOR = YES;
				GCC_WARN_UNINITIALIZED_AUTOS = YES_AGGRESSIVE;
				GCC_WARN_UNUSED_FUNCTION = YES;
				GCC_WARN_UNUSED_VARIABLE = YES;
				IPHONEOS_DEPLOYMENT_TARGET = 11.4;
				MTL_ENABLE_DEBUG_INFO = YES;
				ONLY_ACTIVE_ARCH = YES;
				SDKROOT = iphoneos;
				SWIFT_ACTIVE_COMPILATION_CONDITIONS = DEBUG;
				SWIFT_OPTIMIZATION_LEVEL = "-Onone";
			};
			name = Debug;
		};
		0E30770A20D306D200EDB438 /* Release */ = {
			isa = XCBuildConfiguration;
			buildSettings = {
				ALWAYS_SEARCH_USER_PATHS = NO;
				CLANG_ANALYZER_NONNULL = YES;
				CLANG_ANALYZER_NUMBER_OBJECT_CONVERSION = YES_AGGRESSIVE;
				CLANG_CXX_LANGUAGE_STANDARD = "gnu++14";
				CLANG_CXX_LIBRARY = "libc++";
				CLANG_ENABLE_MODULES = YES;
				CLANG_ENABLE_OBJC_ARC = YES;
				CLANG_ENABLE_OBJC_WEAK = YES;
				CLANG_WARN_BLOCK_CAPTURE_AUTORELEASING = YES;
				CLANG_WARN_BOOL_CONVERSION = YES;
				CLANG_WARN_COMMA = YES;
				CLANG_WARN_CONSTANT_CONVERSION = YES;
				CLANG_WARN_DEPRECATED_OBJC_IMPLEMENTATIONS = YES;
				CLANG_WARN_DIRECT_OBJC_ISA_USAGE = YES_ERROR;
				CLANG_WARN_DOCUMENTATION_COMMENTS = YES;
				CLANG_WARN_EMPTY_BODY = YES;
				CLANG_WARN_ENUM_CONVERSION = YES;
				CLANG_WARN_INFINITE_RECURSION = YES;
				CLANG_WARN_INT_CONVERSION = YES;
				CLANG_WARN_NON_LITERAL_NULL_CONVERSION = YES;
				CLANG_WARN_OBJC_IMPLICIT_RETAIN_SELF = YES;
				CLANG_WARN_OBJC_LITERAL_CONVERSION = YES;
				CLANG_WARN_OBJC_ROOT_CLASS = YES_ERROR;
				CLANG_WARN_RANGE_LOOP_ANALYSIS = YES;
				CLANG_WARN_STRICT_PROTOTYPES = YES;
				CLANG_WARN_SUSPICIOUS_MOVE = YES;
				CLANG_WARN_UNGUARDED_AVAILABILITY = YES_AGGRESSIVE;
				CLANG_WARN_UNREACHABLE_CODE = YES;
				CLANG_WARN__DUPLICATE_METHOD_MATCH = YES;
				CODE_SIGN_IDENTITY = "iPhone Developer";
				COPY_PHASE_STRIP = NO;
				DEBUG_INFORMATION_FORMAT = "dwarf-with-dsym";
				ENABLE_NS_ASSERTIONS = NO;
				ENABLE_STRICT_OBJC_MSGSEND = YES;
				GCC_C_LANGUAGE_STANDARD = gnu11;
				GCC_NO_COMMON_BLOCKS = YES;
				GCC_WARN_64_TO_32_BIT_CONVERSION = YES;
				GCC_WARN_ABOUT_RETURN_TYPE = YES_ERROR;
				GCC_WARN_UNDECLARED_SELECTOR = YES;
				GCC_WARN_UNINITIALIZED_AUTOS = YES_AGGRESSIVE;
				GCC_WARN_UNUSED_FUNCTION = YES;
				GCC_WARN_UNUSED_VARIABLE = YES;
				IPHONEOS_DEPLOYMENT_TARGET = 11.4;
				MTL_ENABLE_DEBUG_INFO = NO;
				SDKROOT = iphoneos;
				SWIFT_COMPILATION_MODE = wholemodule;
				SWIFT_OPTIMIZATION_LEVEL = "-O";
				VALIDATE_PRODUCT = YES;
			};
			name = Release;
		};
		0E30770C20D306D200EDB438 /* Debug */ = {
			isa = XCBuildConfiguration;
			buildSettings = {
				ASSETCATALOG_COMPILER_APPICON_NAME = AppIcon;
				CODE_SIGN_STYLE = Automatic;
				INFOPLIST_FILE = Tree/Info.plist;
				LD_RUNPATH_SEARCH_PATHS = (
					"$(inherited)",
					"@executable_path/Frameworks",
				);
				PRODUCT_BUNDLE_IDENTIFIER = com.iDevCrew.Tree;
				PRODUCT_NAME = "$(TARGET_NAME)";
				SWIFT_VERSION = 4.0;
				TARGETED_DEVICE_FAMILY = "1,2";
			};
			name = Debug;
		};
		0E30770D20D306D200EDB438 /* Release */ = {
			isa = XCBuildConfiguration;
			buildSettings = {
				ASSETCATALOG_COMPILER_APPICON_NAME = AppIcon;
				CODE_SIGN_STYLE = Automatic;
				INFOPLIST_FILE = Tree/Info.plist;
				LD_RUNPATH_SEARCH_PATHS = (
					"$(inherited)",
					"@executable_path/Frameworks",
				);
				PRODUCT_BUNDLE_IDENTIFIER = com.iDevCrew.Tree;
				PRODUCT_NAME = "$(TARGET_NAME)";
				SWIFT_VERSION = 4.0;
				TARGETED_DEVICE_FAMILY = "1,2";
			};
			name = Release;
		};
		0E30770F20D306D200EDB438 /* Debug */ = {
			isa = XCBuildConfiguration;
			buildSettings = {
				ALWAYS_EMBED_SWIFT_STANDARD_LIBRARIES = YES;
				BUNDLE_LOADER = "$(TEST_HOST)";
				CODE_SIGN_STYLE = Automatic;
				INFOPLIST_FILE = TreeTests/Info.plist;
				LD_RUNPATH_SEARCH_PATHS = (
					"$(inherited)",
					"@executable_path/Frameworks",
					"@loader_path/Frameworks",
				);
				PRODUCT_BUNDLE_IDENTIFIER = com.iDevCrew.TreeTests;
				PRODUCT_NAME = "$(TARGET_NAME)";
				SWIFT_VERSION = 4.0;
				TARGETED_DEVICE_FAMILY = "1,2";
				TEST_HOST = "$(BUILT_PRODUCTS_DIR)/Tree.app/Tree";
			};
			name = Debug;
		};
		0E30771020D306D200EDB438 /* Release */ = {
			isa = XCBuildConfiguration;
			buildSettings = {
				ALWAYS_EMBED_SWIFT_STANDARD_LIBRARIES = YES;
				BUNDLE_LOADER = "$(TEST_HOST)";
				CODE_SIGN_STYLE = Automatic;
				INFOPLIST_FILE = TreeTests/Info.plist;
				LD_RUNPATH_SEARCH_PATHS = (
					"$(inherited)",
					"@executable_path/Frameworks",
					"@loader_path/Frameworks",
				);
				PRODUCT_BUNDLE_IDENTIFIER = com.iDevCrew.TreeTests;
				PRODUCT_NAME = "$(TARGET_NAME)";
				SWIFT_VERSION = 4.0;
				TARGETED_DEVICE_FAMILY = "1,2";
				TEST_HOST = "$(BUILT_PRODUCTS_DIR)/Tree.app/Tree";
			};
			name = Release;
		};
		0E30771220D306D200EDB438 /* Debug */ = {
			isa = XCBuildConfiguration;
			buildSettings = {
				ALWAYS_EMBED_SWIFT_STANDARD_LIBRARIES = YES;
				CODE_SIGN_STYLE = Automatic;
				INFOPLIST_FILE = TreeUITests/Info.plist;
				LD_RUNPATH_SEARCH_PATHS = (
					"$(inherited)",
					"@executable_path/Frameworks",
					"@loader_path/Frameworks",
				);
				PRODUCT_BUNDLE_IDENTIFIER = com.iDevCrew.TreeUITests;
				PRODUCT_NAME = "$(TARGET_NAME)";
				SWIFT_VERSION = 4.0;
				TARGETED_DEVICE_FAMILY = "1,2";
				TEST_TARGET_NAME = Tree;
			};
			name = Debug;
		};
		0E30771320D306D200EDB438 /* Release */ = {
			isa = XCBuildConfiguration;
			buildSettings = {
				ALWAYS_EMBED_SWIFT_STANDARD_LIBRARIES = YES;
				CODE_SIGN_STYLE = Automatic;
				INFOPLIST_FILE = TreeUITests/Info.plist;
				LD_RUNPATH_SEARCH_PATHS = (
					"$(inherited)",
					"@executable_path/Frameworks",
					"@loader_path/Frameworks",
				);
				PRODUCT_BUNDLE_IDENTIFIER = com.iDevCrew.TreeUITests;
				PRODUCT_NAME = "$(TARGET_NAME)";
				SWIFT_VERSION = 4.0;
				TARGETED_DEVICE_FAMILY = "1,2";
				TEST_TARGET_NAME = Tree;
			};
			name = Release;
		};
/* End XCBuildConfiguration section */

/* Begin XCConfigurationList section */
		0E3076DC20D306D100EDB438 /* Build configuration list for PBXProject "Tree" */ = {
			isa = XCConfigurationList;
			buildConfigurations = (
				0E30770920D306D200EDB438 /* Debug */,
				0E30770A20D306D200EDB438 /* Release */,
			);
			defaultConfigurationIsVisible = 0;
			defaultConfigurationName = Release;
		};
		0E30770B20D306D200EDB438 /* Build configuration list for PBXNativeTarget "Tree" */ = {
			isa = XCConfigurationList;
			buildConfigurations = (
				0E30770C20D306D200EDB438 /* Debug */,
				0E30770D20D306D200EDB438 /* Release */,
			);
			defaultConfigurationIsVisible = 0;
			defaultConfigurationName = Release;
		};
		0E30770E20D306D200EDB438 /* Build configuration list for PBXNativeTarget "TreeTests" */ = {
			isa = XCConfigurationList;
			buildConfigurations = (
				0E30770F20D306D200EDB438 /* Debug */,
				0E30771020D306D200EDB438 /* Release */,
			);
			defaultConfigurationIsVisible = 0;
			defaultConfigurationName = Release;
		};
		0E30771120D306D200EDB438 /* Build configuration list for PBXNativeTarget "TreeUITests" */ = {
			isa = XCConfigurationList;
			buildConfigurations = (
				0E30771220D306D200EDB438 /* Debug */,
				0E30771320D306D200EDB438 /* Release */,
			);
			defaultConfigurationIsVisible = 0;
			defaultConfigurationName = Release;
		};
/* End XCConfigurationList section */
	};
	rootObject = 0E3076D920D306D100EDB438 /* Project object */;
}
